
Microsoft Visual Studio Solution File, Format Version 12.00
# Visual Studio Version 16
VisualStudioVersion = 16.0.31729.503
MinimumVisualStudioVersion = 10.0.40219.1
Project("{FAE04EC0-301F-11D3-BF4B-00C04F79EFBC}") = "Fountain of objects", "Fountain of objects\Fountain of objects.csproj", "{F82DE599-45D2-4D57-B111-245CE5F1A83D}"
EndProject
Global
	GlobalSection(SolutionConfigurationPlatforms) = preSolution
		Debug|Any CPU = Debug|Any CPU
		Release|Any CPU = Release|Any CPU
	EndGlobalSection
	GlobalSection(ProjectConfigurationPlatforms) = postSolution
		{F82DE599-45D2-4D57-B111-245CE5F1A83D}.Debug|Any CPU.ActiveCfg = Debug|Any CPU
		{F82DE599-45D2-4D57-B111-245CE5F1A83D}.Debug|Any CPU.Build.0 = Debug|Any CPU
		{F82DE599-45D2-4D57-B111-245CE5F1A83D}.Release|Any CPU.ActiveCfg = Release|Any CPU
		{F82DE599-45D2-4D57-B111-245CE5F1A83D}.Release|Any CPU.Build.0 = Release|Any CPU
	EndGlobalSection
	GlobalSection(SolutionProperties) = preSolution
		HideSolutionNode = FALSE
	EndGlobalSection
	GlobalSection(ExtensibilityGlobals) = postSolution
		SolutionGuid = {7437A167-99C8-4FC5-84F0-12E55F6A20C9}
	EndGlobalSection
EndGlobal
